{
    "_readme": [
        "This file locks the dependencies of your project to a known state",
        "Read more about it at https://getcomposer.org/doc/01-basic-usage.md#composer-lock-the-lock-file",
        "This file is @generated automatically"
    ],
    "hash": "0974a171c7b35982b762b0f9cf940490",
    "content-hash": "e4d202e8a20a98ac69575ae898020c99",
    "packages": [
        {
            "name": "aura/di",
            "version": "3.1.0",
            "source": {
                "type": "git",
                "url": "https://github.com/auraphp/Aura.Di.git",
                "reference": "518bd230dc0246ab5491299f1a4f8d90c36fd670"
            },
            "dist": {
                "type": "zip",
                "url": "https://api.github.com/repos/auraphp/Aura.Di/zipball/518bd230dc0246ab5491299f1a4f8d90c36fd670",
                "reference": "518bd230dc0246ab5491299f1a4f8d90c36fd670",
                "shasum": ""
            },
            "require": {
                "container-interop/container-interop": "~1.0",
                "php": ">=5.5.0"
            },
            "require-dev": {
                "acclimate/container": "~1.0",
                "mouf/picotainer": "~1.0"
            },
            "type": "library",
            "autoload": {
                "psr-4": {
                    "Aura\\Di\\": "src/"
                }
            },
            "notification-url": "https://packagist.org/downloads/",
            "license": [
                "MIT"
            ],
            "authors": [
                {
                    "name": "Aura.Di Contributors",
                    "homepage": "https://github.com/auraphp/Aura.Di/contributors"
                }
            ],
            "description": "A serializable dependency injection container with constructor and setter injection, interface and trait awareness, configuration inheritance, and much more.",
            "homepage": "https://github.com/auraphp/Aura.Di",
            "keywords": [
                "container",
                "dependency injection",
                "dependency injection container",
                "di",
                "di container"
            ],
            "time": "2016-03-23 15:13:49"
        },
        {
            "name": "container-interop/container-interop",
            "version": "1.1.0",
            "source": {
                "type": "git",
                "url": "https://github.com/container-interop/container-interop.git",
                "reference": "fc08354828f8fd3245f77a66b9e23a6bca48297e"
            },
            "dist": {
                "type": "zip",
                "url": "https://api.github.com/repos/container-interop/container-interop/zipball/fc08354828f8fd3245f77a66b9e23a6bca48297e",
                "reference": "fc08354828f8fd3245f77a66b9e23a6bca48297e",
                "shasum": ""
            },
            "type": "library",
            "autoload": {
                "psr-4": {
                    "Interop\\Container\\": "src/Interop/Container/"
                }
            },
            "notification-url": "https://packagist.org/downloads/",
            "license": [
                "MIT"
            ],
            "description": "Promoting the interoperability of container objects (DIC, SL, etc.)",
            "time": "2014-12-30 15:22:37"
        },
        {
            "name": "djmattyg007/autocodeloader",
            "version": "0.2.2",
            "source": {
                "type": "git",
                "url": "https://github.com/djmattyg007/AutoCodeLoader.git",
                "reference": "ebbaae88d219f87e3c40b789faf7a18df2605e20"
            },
            "dist": {
                "type": "zip",
                "url": "https://api.github.com/repos/djmattyg007/AutoCodeLoader/zipball/ebbaae88d219f87e3c40b789faf7a18df2605e20",
                "reference": "ebbaae88d219f87e3c40b789faf7a18df2605e20",
                "shasum": ""
            },
            "require": {
                "php": "~7.0.7",
                "zendframework/zend-code": "~3.0.2"
            },
            "bin": [
                "bin/autocodeloader.php"
            ],
            "type": "library",
            "autoload": {
                "psr-4": {
                    "MattyG\\AutoCodeLoader\\": "src"
                }
            },
            "notification-url": "https://packagist.org/downloads/",
            "license": [
                "Unlicense"
            ],
            "authors": [
                {
                    "name": "Matthew Gamble",
                    "email": "git@matthewgamble.net"
                }
            ],
            "description": "Generate utility classes such as proxies and factories automatically.",
            "time": "2016-06-14 13:00:15"
        },
        {
            "name": "icecave/collections",
            "version": "1.1.0",
            "source": {
                "type": "git",
                "url": "https://github.com/IcecaveStudios/collections.git",
                "reference": "08e90468f56bf08e2eb727d0abccf2fc4a00ab6d"
            },
            "dist": {
                "type": "zip",
                "url": "https://api.github.com/repos/IcecaveStudios/collections/zipball/08e90468f56bf08e2eb727d0abccf2fc4a00ab6d",
                "reference": "08e90468f56bf08e2eb727d0abccf2fc4a00ab6d",
                "shasum": ""
            },
            "require": {
                "ext-mbstring": "*",
                "icecave/parity": "~1",
                "icecave/repr": "~1",
                "php": ">=5.3"
            },
            "require-dev": {
                "eloquent/liberator": "~1",
                "icecave/archer": "~1"
            },
            "type": "library",
            "autoload": {
                "psr-4": {
                    "Icecave\\Collections\\": "src"
                }
            },
            "notification-url": "https://packagist.org/downloads/",
            "license": [
                "MIT"
            ],
            "authors": [
                {
                    "name": "James Harris",
                    "email": "james.harris@icecave.com.au",
                    "homepage": "https://github.com/jmalloc"
                },
                {
                    "name": "Kevin Millar",
                    "email": "koden.km@gmail.com",
                    "homepage": "https://github.com/koden-km"
                }
            ],
            "description": "A PHP collection library loosely inspired by the .NET runtime and the C++ STL.",
            "homepage": "https://github.com/IcecaveStudios/collections",
            "keywords": [
                "array",
                "collection",
                "container",
                "hash",
                "map",
                "queue",
                "sequence",
                "stack"
            ],
            "time": "2014-03-05 01:30:43"
        },
        {
            "name": "icecave/parity",
            "version": "1.0.0",
            "source": {
                "type": "git",
                "url": "https://github.com/IcecaveStudios/parity.git",
                "reference": "0109fef58b3230d23b20b2ac52ecdf477218d300"
            },
            "dist": {
                "type": "zip",
                "url": "https://api.github.com/repos/IcecaveStudios/parity/zipball/0109fef58b3230d23b20b2ac52ecdf477218d300",
                "reference": "0109fef58b3230d23b20b2ac52ecdf477218d300",
                "shasum": ""
            },
            "require": {
                "icecave/repr": "~1",
                "php": ">=5.3"
            },
            "require-dev": {
                "eloquent/liberator": "~1",
                "icecave/archer": "~1"
            },
            "suggest": {
                "eloquent/asplode": "Drop-in exception-based error handling."
            },
            "type": "library",
            "autoload": {
                "psr-0": {
                    "Icecave\\Parity": "src"
                }
            },
            "notification-url": "https://packagist.org/downloads/",
            "license": [
                "MIT"
            ],
            "authors": [
                {
                    "name": "James Harris",
                    "email": "james.harris@icecave.com.au",
                    "homepage": "https://github.com/jmalloc"
                }
            ],
            "description": "A customizable deep comparison library.",
            "homepage": "https://github.com/IcecaveStudios/parity",
            "keywords": [
                "compare",
                "comparison",
                "equal",
                "equality",
                "greater",
                "less",
                "sort",
                "sorting"
            ],
            "time": "2014-01-17 05:56:27"
        },
        {
            "name": "icecave/repr",
            "version": "1.0.1",
            "source": {
                "type": "git",
                "url": "https://github.com/IcecaveStudios/repr.git",
                "reference": "8a3d2953adf5f464a06e3e2587aeacc97e2bed07"
            },
            "dist": {
                "type": "zip",
                "url": "https://api.github.com/repos/IcecaveStudios/repr/zipball/8a3d2953adf5f464a06e3e2587aeacc97e2bed07",
                "reference": "8a3d2953adf5f464a06e3e2587aeacc97e2bed07",
                "shasum": ""
            },
            "require": {
                "php": ">=5.3"
            },
            "require-dev": {
                "icecave/archer": "~1"
            },
            "suggest": {
                "eloquent/asplode": "Drop-in exception-based error handling."
            },
            "type": "library",
            "autoload": {
                "psr-4": {
                    "Icecave\\Repr\\": "src"
                }
            },
            "notification-url": "https://packagist.org/downloads/",
            "license": [
                "MIT"
            ],
            "authors": [
                {
                    "name": "James Harris",
                    "email": "james.harris@icecave.com.au",
                    "homepage": "https://github.com/jmalloc"
                }
            ],
            "description": "A library for generating string representations of any value, inspired by Python's reprlib library.",
            "homepage": "https://github.com/IcecaveStudios/repr",
            "keywords": [
                "human",
                "readable",
                "repr",
                "representation",
                "string"
            ],
            "time": "2014-07-25 05:44:41"
        },
        {
            "name": "mustache/mustache",
            "version": "v2.10.0",
            "source": {
                "type": "git",
                "url": "https://github.com/bobthecow/mustache.php.git",
                "reference": "0bb2f76e2f34a8864a32be34c4ec66274d76c05e"
            },
            "dist": {
                "type": "zip",
                "url": "https://api.github.com/repos/bobthecow/mustache.php/zipball/0bb2f76e2f34a8864a32be34c4ec66274d76c05e",
                "reference": "0bb2f76e2f34a8864a32be34c4ec66274d76c05e",
                "shasum": ""
            },
            "require": {
                "php": ">=5.2.4"
            },
            "require-dev": {
                "fabpot/php-cs-fixer": "~1.6",
                "phpunit/phpunit": "~3.7|~4.0|~5.0"
            },
            "type": "library",
            "autoload": {
                "psr-0": {
                    "Mustache": "src/"
                }
            },
            "notification-url": "https://packagist.org/downloads/",
            "license": [
                "MIT"
            ],
            "authors": [
                {
                    "name": "Justin Hileman",
                    "email": "justin@justinhileman.info",
                    "homepage": "http://justinhileman.com"
                }
            ],
            "description": "A Mustache implementation in PHP.",
            "homepage": "https://github.com/bobthecow/mustache.php",
            "keywords": [
                "mustache",
                "templating"
            ],
            "time": "2016-02-27 19:22:46"
        },
        {
            "name": "symfony/console",
            "version": "v3.1.0",
            "source": {
                "type": "git",
                "url": "https://github.com/symfony/console.git",
                "reference": "f62db5b8afec27073a4609b8c84b1f9936652259"
            },
            "dist": {
                "type": "zip",
                "url": "https://api.github.com/repos/symfony/console/zipball/f62db5b8afec27073a4609b8c84b1f9936652259",
                "reference": "f62db5b8afec27073a4609b8c84b1f9936652259",
                "shasum": ""
            },
            "require": {
                "php": ">=5.5.9",
                "symfony/polyfill-mbstring": "~1.0"
            },
            "require-dev": {
                "psr/log": "~1.0",
                "symfony/event-dispatcher": "~2.8|~3.0",
                "symfony/process": "~2.8|~3.0"
            },
            "suggest": {
                "psr/log": "For using the console logger",
                "symfony/event-dispatcher": "",
                "symfony/process": ""
            },
            "type": "library",
            "extra": {
                "branch-alias": {
                    "dev-master": "3.1-dev"
                }
            },
            "autoload": {
                "psr-4": {
                    "Symfony\\Component\\Console\\": ""
                },
                "exclude-from-classmap": [
                    "/Tests/"
                ]
            },
            "notification-url": "https://packagist.org/downloads/",
            "license": [
                "MIT"
            ],
            "authors": [
                {
                    "name": "Fabien Potencier",
                    "email": "fabien@symfony.com"
                },
                {
                    "name": "Symfony Community",
                    "homepage": "https://symfony.com/contributors"
                }
            ],
            "description": "Symfony Console Component",
            "homepage": "https://symfony.com",
            "time": "2016-05-30 06:58:39"
        },
        {
            "name": "symfony/event-dispatcher",
            "version": "v3.1.0",
            "source": {
                "type": "git",
                "url": "https://github.com/symfony/event-dispatcher.git",
                "reference": "0343b2cedd0edb26cdc791212a8eb645c406018b"
            },
            "dist": {
                "type": "zip",
                "url": "https://api.github.com/repos/symfony/event-dispatcher/zipball/0343b2cedd0edb26cdc791212a8eb645c406018b",
                "reference": "0343b2cedd0edb26cdc791212a8eb645c406018b",
                "shasum": ""
            },
            "require": {
                "php": ">=5.5.9"
            },
            "require-dev": {
                "psr/log": "~1.0",
                "symfony/config": "~2.8|~3.0",
                "symfony/dependency-injection": "~2.8|~3.0",
                "symfony/expression-language": "~2.8|~3.0",
                "symfony/stopwatch": "~2.8|~3.0"
            },
            "suggest": {
                "symfony/dependency-injection": "",
                "symfony/http-kernel": ""
            },
            "type": "library",
            "extra": {
                "branch-alias": {
                    "dev-master": "3.1-dev"
                }
            },
            "autoload": {
                "psr-4": {
                    "Symfony\\Component\\EventDispatcher\\": ""
                },
                "exclude-from-classmap": [
                    "/Tests/"
                ]
            },
            "notification-url": "https://packagist.org/downloads/",
            "license": [
                "MIT"
            ],
            "authors": [
                {
                    "name": "Fabien Potencier",
                    "email": "fabien@symfony.com"
                },
                {
                    "name": "Symfony Community",
                    "homepage": "https://symfony.com/contributors"
                }
            ],
            "description": "Symfony EventDispatcher Component",
            "homepage": "https://symfony.com",
            "time": "2016-04-12 18:27:47"
        },
        {
            "name": "symfony/filesystem",
            "version": "v3.1.0",
            "source": {
                "type": "git",
                "url": "https://github.com/symfony/filesystem.git",
                "reference": "5751e80d6f94b7c018f338a4a7be0b700d6f3058"
            },
            "dist": {
                "type": "zip",
                "url": "https://api.github.com/repos/symfony/filesystem/zipball/5751e80d6f94b7c018f338a4a7be0b700d6f3058",
                "reference": "5751e80d6f94b7c018f338a4a7be0b700d6f3058",
                "shasum": ""
            },
            "require": {
                "php": ">=5.5.9"
            },
            "type": "library",
            "extra": {
                "branch-alias": {
                    "dev-master": "3.1-dev"
                }
            },
            "autoload": {
                "psr-4": {
                    "Symfony\\Component\\Filesystem\\": ""
                },
                "exclude-from-classmap": [
                    "/Tests/"
                ]
            },
            "notification-url": "https://packagist.org/downloads/",
            "license": [
                "MIT"
            ],
            "authors": [
                {
                    "name": "Fabien Potencier",
                    "email": "fabien@symfony.com"
                },
                {
                    "name": "Symfony Community",
                    "homepage": "https://symfony.com/contributors"
                }
            ],
            "description": "Symfony Filesystem Component",
            "homepage": "https://symfony.com",
            "time": "2016-04-12 18:27:47"
        },
        {
            "name": "symfony/finder",
            "version": "v3.1.0",
            "source": {
                "type": "git",
                "url": "https://github.com/symfony/finder.git",
                "reference": "40d17ed287bf51a2f884c4619ce8ff2a1c5cd219"
            },
            "dist": {
                "type": "zip",
                "url": "https://api.github.com/repos/symfony/finder/zipball/40d17ed287bf51a2f884c4619ce8ff2a1c5cd219",
                "reference": "40d17ed287bf51a2f884c4619ce8ff2a1c5cd219",
                "shasum": ""
            },
            "require": {
                "php": ">=5.5.9"
            },
            "type": "library",
            "extra": {
                "branch-alias": {
                    "dev-master": "3.1-dev"
                }
            },
            "autoload": {
                "psr-4": {
                    "Symfony\\Component\\Finder\\": ""
                },
                "exclude-from-classmap": [
                    "/Tests/"
                ]
            },
            "notification-url": "https://packagist.org/downloads/",
            "license": [
                "MIT"
            ],
            "authors": [
                {
                    "name": "Fabien Potencier",
                    "email": "fabien@symfony.com"
                },
                {
                    "name": "Symfony Community",
                    "homepage": "https://symfony.com/contributors"
                }
            ],
            "description": "Symfony Finder Component",
            "homepage": "https://symfony.com",
            "time": "2016-05-13 18:06:41"
        },
        {
            "name": "symfony/polyfill-mbstring",
            "version": "v1.2.0",
            "source": {
                "type": "git",
                "url": "https://github.com/symfony/polyfill-mbstring.git",
                "reference": "dff51f72b0706335131b00a7f49606168c582594"
            },
            "dist": {
                "type": "zip",
                "url": "https://api.github.com/repos/symfony/polyfill-mbstring/zipball/dff51f72b0706335131b00a7f49606168c582594",
                "reference": "dff51f72b0706335131b00a7f49606168c582594",
                "shasum": ""
            },
            "require": {
                "php": ">=5.3.3"
            },
            "suggest": {
                "ext-mbstring": "For best performance"
            },
            "type": "library",
            "extra": {
                "branch-alias": {
                    "dev-master": "1.2-dev"
                }
            },
            "autoload": {
                "psr-4": {
                    "Symfony\\Polyfill\\Mbstring\\": ""
                },
                "files": [
                    "bootstrap.php"
                ]
            },
            "notification-url": "https://packagist.org/downloads/",
            "license": [
                "MIT"
            ],
            "authors": [
                {
                    "name": "Nicolas Grekas",
                    "email": "p@tchwork.com"
                },
                {
                    "name": "Symfony Community",
                    "homepage": "https://symfony.com/contributors"
                }
            ],
            "description": "Symfony polyfill for the Mbstring extension",
            "homepage": "https://symfony.com",
            "keywords": [
                "compatibility",
                "mbstring",
                "polyfill",
                "portable",
                "shim"
            ],
            "time": "2016-05-18 14:26:46"
        },
        {
            "name": "symfony/process",
            "version": "v3.1.0",
            "source": {
                "type": "git",
                "url": "https://github.com/symfony/process.git",
                "reference": "1574f3451b40fa9bbae518ef71d19a56f409cac0"
            },
            "dist": {
                "type": "zip",
                "url": "https://api.github.com/repos/symfony/process/zipball/1574f3451b40fa9bbae518ef71d19a56f409cac0",
                "reference": "1574f3451b40fa9bbae518ef71d19a56f409cac0",
                "shasum": ""
            },
            "require": {
                "php": ">=5.5.9"
            },
            "type": "library",
            "extra": {
                "branch-alias": {
                    "dev-master": "3.1-dev"
                }
            },
            "autoload": {
                "psr-4": {
                    "Symfony\\Component\\Process\\": ""
                },
                "exclude-from-classmap": [
                    "/Tests/"
                ]
            },
            "notification-url": "https://packagist.org/downloads/",
            "license": [
                "MIT"
            ],
            "authors": [
                {
                    "name": "Fabien Potencier",
                    "email": "fabien@symfony.com"
                },
                {
                    "name": "Symfony Community",
                    "homepage": "https://symfony.com/contributors"
                }
            ],
            "description": "Symfony Process Component",
            "homepage": "https://symfony.com",
            "time": "2016-04-12 19:11:33"
        },
        {
            "name": "vanilla/nbbc",
            "version": "v2.2.0",
            "source": {
                "type": "git",
                "url": "https://github.com/vanilla/nbbc.git",
                "reference": "ad4f7654b8950f190d326b8ffdcc3fa7d31a0b69"
            },
            "dist": {
                "type": "zip",
                "url": "https://api.github.com/repos/vanilla/nbbc/zipball/ad4f7654b8950f190d326b8ffdcc3fa7d31a0b69",
                "reference": "ad4f7654b8950f190d326b8ffdcc3fa7d31a0b69",
                "shasum": ""
            },
            "require": {
                "php": ">=5.4.0"
            },
            "type": "library",
            "autoload": {
                "psr-4": {
                    "Nbbc\\": "src"
                }
            },
            "notification-url": "https://packagist.org/downloads/",
            "license": [
                "BSDv2"
            ],
            "authors": [
                {
                    "name": "Todd Burry",
                    "email": "todd@vanillaforums.com"
                }
            ],
            "description": "A composer-compatible fork of the NBBC BBCode parsing library.",
            "time": "2016-04-26 18:19:47"
        },
        {
            "name": "webmozart/assert",
            "version": "1.0.2",
            "source": {
                "type": "git",
                "url": "https://github.com/webmozart/assert.git",
                "reference": "30eed06dd6bc88410a4ff7f77b6d22f3ce13dbde"
            },
            "dist": {
                "type": "zip",
                "url": "https://api.github.com/repos/webmozart/assert/zipball/30eed06dd6bc88410a4ff7f77b6d22f3ce13dbde",
                "reference": "30eed06dd6bc88410a4ff7f77b6d22f3ce13dbde",
                "shasum": ""
            },
            "require": {
                "php": ">=5.3.3"
            },
            "require-dev": {
                "phpunit/phpunit": "^4.6"
            },
            "type": "library",
            "extra": {
                "branch-alias": {
                    "dev-master": "1.0-dev"
                }
            },
            "autoload": {
                "psr-4": {
                    "Webmozart\\Assert\\": "src/"
                }
            },
            "notification-url": "https://packagist.org/downloads/",
            "license": [
                "MIT"
            ],
            "authors": [
                {
                    "name": "Bernhard Schussek",
                    "email": "bschussek@gmail.com"
                }
            ],
            "description": "Assertions to validate method input/output with nice error messages.",
            "keywords": [
                "assert",
                "check",
                "validate"
            ],
            "time": "2015-08-24 13:29:44"
        },
        {
            "name": "webmozart/console",
            "version": "1.0.0-beta5",
            "source": {
                "type": "git",
                "url": "https://github.com/webmozart/console.git",
                "reference": "be58c622090e61a2a7c3ad77baae776b46e7f305"
            },
            "dist": {
                "type": "zip",
                "url": "https://api.github.com/repos/webmozart/console/zipball/be58c622090e61a2a7c3ad77baae776b46e7f305",
                "reference": "be58c622090e61a2a7c3ad77baae776b46e7f305",
                "shasum": ""
            },
            "require": {
                "php": ">=5.3.9",
                "symfony/console": "^2.7|^3.0",
                "symfony/event-dispatcher": "^2.5|^3.0",
                "symfony/process": "^2.5|^3.0",
                "webmozart/assert": "^1.0"
            },
            "require-dev": {
                "phpunit/phpunit": "^4.6",
                "sebastian/version": "^1.0.1",
                "symfony/filesystem": "^2.3|^3.0"
            },
            "type": "library",
            "extra": {
                "branch-alias": {
                    "dev-master": "1.0-dev"
                }
            },
            "autoload": {
                "psr-4": {
                    "Webmozart\\Console\\": "src/"
                }
            },
            "notification-url": "https://packagist.org/downloads/",
            "license": [
                "MIT"
            ],
            "authors": [
                {
                    "name": "Bernhard Schussek",
                    "email": "bschussek@gmail.com"
                }
            ],
            "description": "A usable, beautiful and easily testable console toolkit written in PHP.",
            "time": "2016-02-05 10:03:13"
        },
        {
            "name": "zendframework/zend-code",
            "version": "3.0.2",
            "source": {
                "type": "git",
                "url": "https://github.com/zendframework/zend-code.git",
                "reference": "57cfbcf794a79985278d6308325bc86060af588c"
            },
            "dist": {
                "type": "zip",
                "url": "https://api.github.com/repos/zendframework/zend-code/zipball/57cfbcf794a79985278d6308325bc86060af588c",
                "reference": "57cfbcf794a79985278d6308325bc86060af588c",
                "shasum": ""
            },
            "require": {
                "php": "^5.5 || 7.0.0 - 7.0.4 || ^7.0.6",
                "zendframework/zend-eventmanager": "^2.6 || ^3.0"
            },
            "require-dev": {
                "doctrine/annotations": "~1.0",
                "ext-phar": "*",
                "phpunit/phpunit": "^4.8.21",
                "squizlabs/php_codesniffer": "^2.5",
                "zendframework/zend-stdlib": "^2.7 || ^3.0"
            },
            "suggest": {
                "doctrine/annotations": "Doctrine\\Common\\Annotations >=1.0 for annotation features",
                "zendframework/zend-stdlib": "Zend\\Stdlib component"
            },
            "type": "library",
            "extra": {
                "branch-alias": {
                    "dev-master": "3.0-dev",
                    "dev-develop": "3.1-dev"
                }
            },
            "autoload": {
                "psr-4": {
                    "Zend\\Code\\": "src/"
                }
            },
            "notification-url": "https://packagist.org/downloads/",
            "license": [
                "BSD-3-Clause"
            ],
            "description": "provides facilities to generate arbitrary code using an object oriented interface",
            "homepage": "https://github.com/zendframework/zend-code",
            "keywords": [
                "code",
                "zf2"
            ],
            "time": "2016-04-20 17:34:49"
        },
        {
            "name": "zendframework/zend-eventmanager",
            "version": "3.0.1",
            "source": {
                "type": "git",
                "url": "https://github.com/zendframework/zend-eventmanager.git",
                "reference": "5c80bdee0e952be112dcec0968bad770082c3a6e"
            },
            "dist": {
                "type": "zip",
                "url": "https://api.github.com/repos/zendframework/zend-eventmanager/zipball/5c80bdee0e952be112dcec0968bad770082c3a6e",
                "reference": "5c80bdee0e952be112dcec0968bad770082c3a6e",
                "shasum": ""
            },
            "require": {
                "php": "^5.5 || ^7.0"
            },
            "require-dev": {
                "athletic/athletic": "^0.1",
                "container-interop/container-interop": "^1.1.0",
                "phpunit/phpunit": "~4.0",
                "squizlabs/php_codesniffer": "^2.0",
                "zendframework/zend-stdlib": "^2.7.3 || ^3.0"
            },
            "suggest": {
                "container-interop/container-interop": "^1.1.0, to use the lazy listeners feature",
                "zendframework/zend-stdlib": "^2.7.3 || ^3.0, to use the FilterChain feature"
            },
            "type": "library",
            "extra": {
                "branch-alias": {
                    "dev-master": "3.0-dev",
                    "dev-develop": "3.1-dev"
                }
            },
            "autoload": {
                "psr-4": {
                    "Zend\\EventManager\\": "src/"
                }
            },
            "notification-url": "https://packagist.org/downloads/",
            "license": [
                "BSD-3-Clause"
            ],
            "description": "Trigger and listen to events within a PHP application",
            "homepage": "https://github.com/zendframework/zend-eventmanager",
            "keywords": [
                "event",
                "eventmanager",
                "events",
                "zf2"
            ],
            "time": "2016-02-18 20:53:00"
        }
    ],
    "packages-dev": [],
    "aliases": [],
    "minimum-stability": "stable",
    "stability-flags": {
        "webmozart/console": 10
    },
    "prefer-stable": false,
    "prefer-lowest": false,
    "platform": {
        "php": "~7.0.7"
    },
    "platform-dev": []
}
